
Microsoft Visual Studio Solution File, Format Version 12.00
# Visual Studio Version 17
VisualStudioVersion = 17.5.33516.290
MinimumVisualStudioVersion = 10.0.40219.1
Project("{FAE04EC0-301F-11D3-BF4B-00C04F79EFBC}") = "Taskcomapny", "Taskcomapny.csproj", "{DD9B8600-6304-4735-9EBB-0D738E2D0ACB}"
EndProject
Global
	GlobalSection(SolutionConfigurationPlatforms) = preSolution
		Debug|Any CPU = Debug|Any CPU
		Release|Any CPU = Release|Any CPU
	EndGlobalSection
	GlobalSection(ProjectConfigurationPlatforms) = postSolution
		{DD9B8600-6304-4735-9EBB-0D738E2D0ACB}.Debug|Any CPU.ActiveCfg = Debug|Any CPU
		{DD9B8600-6304-4735-9EBB-0D738E2D0ACB}.Debug|Any CPU.Build.0 = Debug|Any CPU
		{DD9B8600-6304-4735-9EBB-0D738E2D0ACB}.Release|Any CPU.ActiveCfg = Release|Any CPU
		{DD9B8600-6304-4735-9EBB-0D738E2D0ACB}.Release|Any CPU.Build.0 = Release|Any CPU
	EndGlobalSection
	GlobalSection(SolutionProperties) = preSolution
		HideSolutionNode = FALSE
	EndGlobalSection
	GlobalSection(ExtensibilityGlobals) = postSolution
		SolutionGuid = {7280CB09-56D4-49FD-892F-6F76EF3DE4C9}
	EndGlobalSection
EndGlobal
